Microsoft Visual Studio Solution File, Format Version 12.00
# Visual Studio Version 17
VisualStudioVersion = 17.0.31903.59
MinimumVisualStudioVersion = 10.0.40219.1
Project("{FAE04EC0-301F-11D3-BF4B-00C04F79EFBC}") = "Karamem0.SampleApplication", "Karamem0.SampleApplication\Karamem0.SampleApplication.csproj", "{2602B263-3F0C-40B5-BA5D-5707B592CA22}"
EndProject
Project("{FAE04EC0-301F-11D3-BF4B-00C04F79EFBC}") = "Karamem0.SampleApplication.Tests", "Karamem0.SampleApplication.Tests\Karamem0.SampleApplication.Tests.csproj", "{0A6640E5-2B18-4A1C-A851-7858F9321908}"
EndProject
Global
	GlobalSection(SolutionConfigurationPlatforms) = preSolution
		Debug|Any CPU = Debug|Any CPU
		Release|Any CPU = Release|Any CPU
	EndGlobalSection
	GlobalSection(SolutionProperties) = preSolution
		HideSolutionNode = FALSE
	EndGlobalSection
	GlobalSection(ProjectConfigurationPlatforms) = postSolution
		{2602B263-3F0C-40B5-BA5D-5707B592CA22}.Debug|Any CPU.ActiveCfg = Debug|Any CPU
		{2602B263-3F0C-40B5-BA5D-5707B592CA22}.Debug|Any CPU.Build.0 = Debug|Any CPU
		{2602B263-3F0C-40B5-BA5D-5707B592CA22}.Release|Any CPU.ActiveCfg = Release|Any CPU
		{2602B263-3F0C-40B5-BA5D-5707B592CA22}.Release|Any CPU.Build.0 = Release|Any CPU
		{0A6640E5-2B18-4A1C-A851-7858F9321908}.Debug|Any CPU.ActiveCfg = Debug|Any CPU
		{0A6640E5-2B18-4A1C-A851-7858F9321908}.Debug|Any CPU.Build.0 = Debug|Any CPU
		{0A6640E5-2B18-4A1C-A851-7858F9321908}.Release|Any CPU.ActiveCfg = Release|Any CPU
		{0A6640E5-2B18-4A1C-A851-7858F9321908}.Release|Any CPU.Build.0 = Release|Any CPU
	EndGlobalSection
EndGlobal
