Microsoft Visual Studio Solution File, Format Version 12.00
# Visual Studio 15
VisualStudioVersion = 15.0.28307.539
MinimumVisualStudioVersion = 10.0.40219.1
Project("{FAE04EC0-301F-11D3-BF4B-00C04F79EFBC}") = "Karamem0.SampleApplication", "Karamem0.SampleApplication.csproj", "{F178DEDD-4940-418F-B22A-76C3C38143C3}"
EndProject
Global
	GlobalSection(SolutionConfigurationPlatforms) = preSolution
		Debug|Any CPU = Debug|Any CPU
		Release|Any CPU = Release|Any CPU
	EndGlobalSection
	GlobalSection(ProjectConfigurationPlatforms) = postSolution
		{F178DEDD-4940-418F-B22A-76C3C38143C3}.Debug|Any CPU.ActiveCfg = Debug|Any CPU
		{F178DEDD-4940-418F-B22A-76C3C38143C3}.Debug|Any CPU.Build.0 = Debug|Any CPU
		{F178DEDD-4940-418F-B22A-76C3C38143C3}.Debug|Any CPU.Deploy.0 = Debug|Any CPU
		{F178DEDD-4940-418F-B22A-76C3C38143C3}.Release|Any CPU.ActiveCfg = Release|Any CPU
		{F178DEDD-4940-418F-B22A-76C3C38143C3}.Release|Any CPU.Build.0 = Release|Any CPU
		{F178DEDD-4940-418F-B22A-76C3C38143C3}.Release|Any CPU.Deploy.0 = Release|Any CPU
	EndGlobalSection
	GlobalSection(SolutionProperties) = preSolution
		HideSolutionNode = FALSE
	EndGlobalSection
	GlobalSection(ExtensibilityGlobals) = postSolution
		SolutionGuid = {2DC6D94C-F087-487A-8338-6F90B98EEF21}
	EndGlobalSection
EndGlobal
