
Microsoft Visual Studio Solution File, Format Version 12.00
# Visual Studio 15
VisualStudioVersion = 15.0.27703.1
MinimumVisualStudioVersion = 10.0.40219.1
Project("{FAE04EC0-301F-11D3-BF4B-00C04F79EFBC}") = "MyApplication", "MyApplication.csproj", "{53F32A8E-7326-463F-A303-537C78071BCA}"
EndProject
Global
	GlobalSection(SolutionConfigurationPlatforms) = preSolution
		Debug|Any CPU = Debug|Any CPU
		Release|Any CPU = Release|Any CPU
	EndGlobalSection
	GlobalSection(ProjectConfigurationPlatforms) = postSolution
		{53F32A8E-7326-463F-A303-537C78071BCA}.Debug|Any CPU.ActiveCfg = Debug|Any CPU
		{53F32A8E-7326-463F-A303-537C78071BCA}.Debug|Any CPU.Build.0 = Debug|Any CPU
		{53F32A8E-7326-463F-A303-537C78071BCA}.Release|Any CPU.ActiveCfg = Release|Any CPU
		{53F32A8E-7326-463F-A303-537C78071BCA}.Release|Any CPU.Build.0 = Release|Any CPU
	EndGlobalSection
	GlobalSection(SolutionProperties) = preSolution
		HideSolutionNode = FALSE
	EndGlobalSection
	GlobalSection(ExtensibilityGlobals) = postSolution
		SolutionGuid = {9CC04F4C-1B67-4117-A8EF-D29AB137680B}
	EndGlobalSection
EndGlobal
