Microsoft Visual Studio Solution File, Format Version 12.00
# Visual Studio Version 16
VisualStudioVersion = 16.0.31702.278
MinimumVisualStudioVersion = 10.0.40219.1
Project("{FAE04EC0-301F-11D3-BF4B-00C04F79EFBC}") = "Karamem0.SampleApplication", "Karamem0.SampleApplication.csproj", "{96EDE16E-5AFB-4E8B-94EB-28044554EE6A}"
EndProject
Global
	GlobalSection(SolutionProperties) = preSolution
		HideSolutionNode = FALSE
	EndGlobalSection
	GlobalSection(ExtensibilityGlobals) = postSolution
		SolutionGuid = {C6557C8F-019F-43F4-99AF-2B81EB018656}
	EndGlobalSection
	GlobalSection(SolutionConfigurationPlatforms) = preSolution
		Debug|Any CPU = Debug|Any CPU
		Debug|x64 = Debug|x64
		Debug|x86 = Debug|x86
		Release|Any CPU = Release|Any CPU
		Release|x64 = Release|x64
		Release|x86 = Release|x86
	EndGlobalSection
	GlobalSection(ProjectConfigurationPlatforms) = postSolution
		{96EDE16E-5AFB-4E8B-94EB-28044554EE6A}.Debug|Any CPU.ActiveCfg = Debug|Any CPU
		{96EDE16E-5AFB-4E8B-94EB-28044554EE6A}.Debug|Any CPU.Build.0 = Debug|Any CPU
		{96EDE16E-5AFB-4E8B-94EB-28044554EE6A}.Debug|x64.ActiveCfg = Debug|Any CPU
		{96EDE16E-5AFB-4E8B-94EB-28044554EE6A}.Debug|x64.Build.0 = Debug|Any CPU
		{96EDE16E-5AFB-4E8B-94EB-28044554EE6A}.Debug|x86.ActiveCfg = Debug|Any CPU
		{96EDE16E-5AFB-4E8B-94EB-28044554EE6A}.Debug|x86.Build.0 = Debug|Any CPU
		{96EDE16E-5AFB-4E8B-94EB-28044554EE6A}.Release|Any CPU.ActiveCfg = Release|Any CPU
		{96EDE16E-5AFB-4E8B-94EB-28044554EE6A}.Release|Any CPU.Build.0 = Release|Any CPU
		{96EDE16E-5AFB-4E8B-94EB-28044554EE6A}.Release|x64.ActiveCfg = Release|Any CPU
		{96EDE16E-5AFB-4E8B-94EB-28044554EE6A}.Release|x64.Build.0 = Release|Any CPU
		{96EDE16E-5AFB-4E8B-94EB-28044554EE6A}.Release|x86.ActiveCfg = Release|Any CPU
		{96EDE16E-5AFB-4E8B-94EB-28044554EE6A}.Release|x86.Build.0 = Release|Any CPU
	EndGlobalSection
EndGlobal
