
Microsoft Visual Studio Solution File, Format Version 12.00
# Visual Studio 15
VisualStudioVersion = 15.0.28307.572
MinimumVisualStudioVersion = 10.0.40219.1
Project("{FAE04EC0-301F-11D3-BF4B-00C04F79EFBC}") = "Karamem0.SampleApplication", "Karamem0.SampleApplication.csproj", "{5320E5FA-692F-491F-AC54-AB96C99E1060}"
EndProject
Global
	GlobalSection(SolutionConfigurationPlatforms) = preSolution
		Debug|Any CPU = Debug|Any CPU
		Release|Any CPU = Release|Any CPU
	EndGlobalSection
	GlobalSection(ProjectConfigurationPlatforms) = postSolution
		{5320E5FA-692F-491F-AC54-AB96C99E1060}.Debug|Any CPU.ActiveCfg = Debug|Any CPU
		{5320E5FA-692F-491F-AC54-AB96C99E1060}.Debug|Any CPU.Build.0 = Debug|Any CPU
		{5320E5FA-692F-491F-AC54-AB96C99E1060}.Debug|Any CPU.Deploy.0 = Debug|Any CPU
		{5320E5FA-692F-491F-AC54-AB96C99E1060}.Release|Any CPU.ActiveCfg = Release|Any CPU
		{5320E5FA-692F-491F-AC54-AB96C99E1060}.Release|Any CPU.Build.0 = Release|Any CPU
		{5320E5FA-692F-491F-AC54-AB96C99E1060}.Release|Any CPU.Deploy.0 = Release|Any CPU
	EndGlobalSection
	GlobalSection(SolutionProperties) = preSolution
		HideSolutionNode = FALSE
	EndGlobalSection
	GlobalSection(ExtensibilityGlobals) = postSolution
		SolutionGuid = {054FDF13-A08A-48A8-AC60-B029B09C240F}
	EndGlobalSection
EndGlobal
