Microsoft Visual Studio Solution File, Format Version 12.00
# Visual Studio Version 16
VisualStudioVersion = 16.0.28721.148
MinimumVisualStudioVersion = 10.0.40219.1
Project("{9A19103F-16F7-4668-BE54-9A1E7A4F7556}") = "SampleApplication", "SampleApplication.csproj", "{151AC7E3-0EC4-406D-9041-D39AC3C47DC5}"
EndProject
Global
	GlobalSection(SolutionConfigurationPlatforms) = preSolution
		Debug|Any CPU = Debug|Any CPU
		Release|Any CPU = Release|Any CPU
	EndGlobalSection
	GlobalSection(ProjectConfigurationPlatforms) = postSolution
		{151AC7E3-0EC4-406D-9041-D39AC3C47DC5}.Debug|Any CPU.ActiveCfg = Debug|Any CPU
		{151AC7E3-0EC4-406D-9041-D39AC3C47DC5}.Debug|Any CPU.Build.0 = Debug|Any CPU
		{151AC7E3-0EC4-406D-9041-D39AC3C47DC5}.Release|Any CPU.ActiveCfg = Release|Any CPU
		{151AC7E3-0EC4-406D-9041-D39AC3C47DC5}.Release|Any CPU.Build.0 = Release|Any CPU
	EndGlobalSection
	GlobalSection(SolutionProperties) = preSolution
		HideSolutionNode = FALSE
	EndGlobalSection
	GlobalSection(ExtensibilityGlobals) = postSolution
		SolutionGuid = {4DD3AB14-D50B-4AC0-9D29-0C7AE0244D04}
	EndGlobalSection
EndGlobal
