Microsoft Visual Studio Solution File, Format Version 12.00
# Visual Studio Version 17
VisualStudioVersion = 17.5.002.0
MinimumVisualStudioVersion = 10.0.40219.1
Project("{9A19103F-16F7-4668-BE54-9A1E7A4F7556}") = "Karamem0.SampleApplication", "Karamem0.SampleApplication.csproj", "{2C8734C2-60F6-40FA-829D-522210D195BE}"
EndProject
Global
	GlobalSection(SolutionConfigurationPlatforms) = preSolution
		Debug|Any CPU = Debug|Any CPU
		Release|Any CPU = Release|Any CPU
	EndGlobalSection
	GlobalSection(ProjectConfigurationPlatforms) = postSolution
		{2C8734C2-60F6-40FA-829D-522210D195BE}.Debug|Any CPU.ActiveCfg = Debug|Any CPU
		{2C8734C2-60F6-40FA-829D-522210D195BE}.Debug|Any CPU.Build.0 = Debug|Any CPU
		{2C8734C2-60F6-40FA-829D-522210D195BE}.Release|Any CPU.ActiveCfg = Release|Any CPU
		{2C8734C2-60F6-40FA-829D-522210D195BE}.Release|Any CPU.Build.0 = Release|Any CPU
	EndGlobalSection
	GlobalSection(SolutionProperties) = preSolution
		HideSolutionNode = FALSE
	EndGlobalSection
	GlobalSection(ExtensibilityGlobals) = postSolution
		SolutionGuid = {1A68F9EE-3F6B-44A1-83CD-A2CAA477CB80}
	EndGlobalSection
EndGlobal
