
Microsoft Visual Studio Solution File, Format Version 12.00
# Visual Studio Version 16
VisualStudioVersion = 16.0.30320.27
MinimumVisualStudioVersion = 10.0.40219.1
Project("{FAE04EC0-301F-11D3-BF4B-00C04F79EFBC}") = "MyApplication", "MyApplication.csproj", "{52CDE6D4-F5CA-4C6B-9FF0-F74A5099CC4E}"
EndProject
Global
	GlobalSection(SolutionConfigurationPlatforms) = preSolution
		Debug|Any CPU = Debug|Any CPU
		Release|Any CPU = Release|Any CPU
	EndGlobalSection
	GlobalSection(ProjectConfigurationPlatforms) = postSolution
		{52CDE6D4-F5CA-4C6B-9FF0-F74A5099CC4E}.Debug|Any CPU.ActiveCfg = Debug|Any CPU
		{52CDE6D4-F5CA-4C6B-9FF0-F74A5099CC4E}.Debug|Any CPU.Build.0 = Debug|Any CPU
		{52CDE6D4-F5CA-4C6B-9FF0-F74A5099CC4E}.Release|Any CPU.ActiveCfg = Release|Any CPU
		{52CDE6D4-F5CA-4C6B-9FF0-F74A5099CC4E}.Release|Any CPU.Build.0 = Release|Any CPU
	EndGlobalSection
	GlobalSection(SolutionProperties) = preSolution
		HideSolutionNode = FALSE
	EndGlobalSection
	GlobalSection(ExtensibilityGlobals) = postSolution
		SolutionGuid = {67C82D43-9A7D-46D8-B69A-C93DE2510DA7}
	EndGlobalSection
EndGlobal
