
Microsoft Visual Studio Solution File, Format Version 12.00
# Visual Studio 15
VisualStudioVersion = 15.0.27703.1
MinimumVisualStudioVersion = 10.0.40219.1
Project("{FAE04EC0-301F-11D3-BF4B-00C04F79EFBC}") = "SampleApplication", "SampleApplication.csproj", "{A3041F90-99B7-4A0A-B1DA-623D7B51C597}"
EndProject
Global
	GlobalSection(SolutionConfigurationPlatforms) = preSolution
		Debug|Any CPU = Debug|Any CPU
		Release|Any CPU = Release|Any CPU
	EndGlobalSection
	GlobalSection(ProjectConfigurationPlatforms) = postSolution
		{A3041F90-99B7-4A0A-B1DA-623D7B51C597}.Debug|Any CPU.ActiveCfg = Debug|Any CPU
		{A3041F90-99B7-4A0A-B1DA-623D7B51C597}.Debug|Any CPU.Build.0 = Debug|Any CPU
		{A3041F90-99B7-4A0A-B1DA-623D7B51C597}.Debug|Any CPU.Deploy.0 = Debug|Any CPU
		{A3041F90-99B7-4A0A-B1DA-623D7B51C597}.Release|Any CPU.ActiveCfg = Release|Any CPU
		{A3041F90-99B7-4A0A-B1DA-623D7B51C597}.Release|Any CPU.Build.0 = Release|Any CPU
		{A3041F90-99B7-4A0A-B1DA-623D7B51C597}.Release|Any CPU.Deploy.0 = Release|Any CPU
	EndGlobalSection
	GlobalSection(SolutionProperties) = preSolution
		HideSolutionNode = FALSE
	EndGlobalSection
	GlobalSection(ExtensibilityGlobals) = postSolution
		SolutionGuid = {1D585E2C-F795-424E-8D2A-92F9025AA935}
	EndGlobalSection
EndGlobal
